
Microsoft Visual Studio Solution File, Format Version 12.00
# Visual Studio Version 17
VisualStudioVersion = 17.8.34330.188
MinimumVisualStudioVersion = 10.0.40219.1
Project("{9A19103F-16F7-4668-BE54-9A1E7A4F7556}") = "Application", "Application\Application.csproj", "{6CEDA9AB-8D00-4922-9E60-25A89B720FE6}"
EndProject
Project("{9A19103F-16F7-4668-BE54-9A1E7A4F7556}") = "Infrastructure", "Infrastructure\Infrastructure.csproj", "{B04EFADD-EBAB-4A58-8584-1DB92DC95180}"
EndProject
Project("{9A19103F-16F7-4668-BE54-9A1E7A4F7556}") = "Domain", "Domain\Domain.csproj", "{AC93256C-506A-44E1-8166-F264C02099A4}"
EndProject
Project("{9A19103F-16F7-4668-BE54-9A1E7A4F7556}") = "WebUI", "WebUI\WebUI.csproj", "{8C651E1C-0173-4FFF-9CC3-5AED0525C075}"
EndProject
Global
	GlobalSection(SolutionConfigurationPlatforms) = preSolution
		Debug|Any CPU = Debug|Any CPU
		Release|Any CPU = Release|Any CPU
	EndGlobalSection
	GlobalSection(ProjectConfigurationPlatforms) = postSolution
		{6CEDA9AB-8D00-4922-9E60-25A89B720FE6}.Debug|Any CPU.ActiveCfg = Debug|Any CPU
		{6CEDA9AB-8D00-4922-9E60-25A89B720FE6}.Debug|Any CPU.Build.0 = Debug|Any CPU
		{6CEDA9AB-8D00-4922-9E60-25A89B720FE6}.Release|Any CPU.ActiveCfg = Release|Any CPU
		{6CEDA9AB-8D00-4922-9E60-25A89B720FE6}.Release|Any CPU.Build.0 = Release|Any CPU
		{B04EFADD-EBAB-4A58-8584-1DB92DC95180}.Debug|Any CPU.ActiveCfg = Debug|Any CPU
		{B04EFADD-EBAB-4A58-8584-1DB92DC95180}.Debug|Any CPU.Build.0 = Debug|Any CPU
		{B04EFADD-EBAB-4A58-8584-1DB92DC95180}.Release|Any CPU.ActiveCfg = Release|Any CPU
		{B04EFADD-EBAB-4A58-8584-1DB92DC95180}.Release|Any CPU.Build.0 = Release|Any CPU
		{AC93256C-506A-44E1-8166-F264C02099A4}.Debug|Any CPU.ActiveCfg = Debug|Any CPU
		{AC93256C-506A-44E1-8166-F264C02099A4}.Debug|Any CPU.Build.0 = Debug|Any CPU
		{AC93256C-506A-44E1-8166-F264C02099A4}.Release|Any CPU.ActiveCfg = Release|Any CPU
		{AC93256C-506A-44E1-8166-F264C02099A4}.Release|Any CPU.Build.0 = Release|Any CPU
		{8C651E1C-0173-4FFF-9CC3-5AED0525C075}.Debug|Any CPU.ActiveCfg = Debug|Any CPU
		{8C651E1C-0173-4FFF-9CC3-5AED0525C075}.Debug|Any CPU.Build.0 = Debug|Any CPU
		{8C651E1C-0173-4FFF-9CC3-5AED0525C075}.Release|Any CPU.ActiveCfg = Release|Any CPU
		{8C651E1C-0173-4FFF-9CC3-5AED0525C075}.Release|Any CPU.Build.0 = Release|Any CPU
	EndGlobalSection
	GlobalSection(SolutionProperties) = preSolution
		HideSolutionNode = FALSE
	EndGlobalSection
	GlobalSection(ExtensibilityGlobals) = postSolution
		SolutionGuid = {B577C50C-8904-49DB-9084-0BF47A37F4C1}
	EndGlobalSection
EndGlobal
